
Microsoft Visual Studio Solution File, Format Version 12.00
# Visual Studio Version 17
VisualStudioVersion = 17.9.34622.214
MinimumVisualStudioVersion = 10.0.40219.1
Project("{8BC9CEB8-8B4A-11D0-8D11-00A0C91BC942}") = "Cpplearning-Part[D]", "Cpplearning-Part[D]\Cpplearning-Part[D].vcxproj", "{F866E687-B117-4692-AAD4-1818305935F6}"
EndProject
Global
	GlobalSection(SolutionConfigurationPlatforms) = preSolution
		Debug|x64 = Debug|x64
		Debug|x86 = Debug|x86
		Release|x64 = Release|x64
		Release|x86 = Release|x86
	EndGlobalSection
	GlobalSection(ProjectConfigurationPlatforms) = postSolution
		{F866E687-B117-4692-AAD4-1818305935F6}.Debug|x64.ActiveCfg = Debug|x64
		{F866E687-B117-4692-AAD4-1818305935F6}.Debug|x64.Build.0 = Debug|x64
		{F866E687-B117-4692-AAD4-1818305935F6}.Debug|x86.ActiveCfg = Debug|Win32
		{F866E687-B117-4692-AAD4-1818305935F6}.Debug|x86.Build.0 = Debug|Win32
		{F866E687-B117-4692-AAD4-1818305935F6}.Release|x64.ActiveCfg = Release|x64
		{F866E687-B117-4692-AAD4-1818305935F6}.Release|x64.Build.0 = Release|x64
		{F866E687-B117-4692-AAD4-1818305935F6}.Release|x86.ActiveCfg = Release|Win32
		{F866E687-B117-4692-AAD4-1818305935F6}.Release|x86.Build.0 = Release|Win32
	EndGlobalSection
	GlobalSection(SolutionProperties) = preSolution
		HideSolutionNode = FALSE
	EndGlobalSection
	GlobalSection(ExtensibilityGlobals) = postSolution
		SolutionGuid = {26311237-EDDE-4C8C-8F29-93E7AC0D7FDB}
	EndGlobalSection
EndGlobal
